
Microsoft Visual Studio Solution File, Format Version 12.00
# Visual Studio Version 17
VisualStudioVersion = 17.9.34728.123
MinimumVisualStudioVersion = 10.0.40219.1
Project("{FAE04EC0-301F-11D3-BF4B-00C04F79EFBC}") = "IsaacOkomanyi_ProfilePage", "IsaacOkomanyi_ProfilePage.csproj", "{34496CB3-538C-4D3E-B0C9-4FC8FD47044A}"
EndProject
Global
	GlobalSection(SolutionConfigurationPlatforms) = preSolution
		Debug|Any CPU = Debug|Any CPU
		Release|Any CPU = Release|Any CPU
	EndGlobalSection
	GlobalSection(ProjectConfigurationPlatforms) = postSolution
		{34496CB3-538C-4D3E-B0C9-4FC8FD47044A}.Debug|Any CPU.ActiveCfg = Debug|Any CPU
		{34496CB3-538C-4D3E-B0C9-4FC8FD47044A}.Debug|Any CPU.Build.0 = Debug|Any CPU
		{34496CB3-538C-4D3E-B0C9-4FC8FD47044A}.Release|Any CPU.ActiveCfg = Release|Any CPU
		{34496CB3-538C-4D3E-B0C9-4FC8FD47044A}.Release|Any CPU.Build.0 = Release|Any CPU
	EndGlobalSection
	GlobalSection(SolutionProperties) = preSolution
		HideSolutionNode = FALSE
	EndGlobalSection
	GlobalSection(ExtensibilityGlobals) = postSolution
		SolutionGuid = {77429C39-ADF9-4134-8F2B-2EE690D880A2}
	EndGlobalSection
EndGlobal
